# This file is automatically @generated by Poetry 1.7.1 and should not be changed by hand.

[[package]]
name = "pyxel"
version = "2.0.6"
description = "A retro game engine for Python"
optional = false
python-versions = ">=3.7"
files = [
    {file = "pyxel-2.0.6-cp37-abi3-macosx_10_12_x86_64.whl", hash = "sha256:88dcdd8023a4e0cd0a064dde68cefe84c7014cd7e2008ce6d1066984aaa7916a"},
    {file = "pyxel-2.0.6-cp37-abi3-macosx_11_0_arm64.whl", hash = "sha256:8afa7d04bfc1eff5b780c4668d697a4e7f34aa2968b7a018f33533c7453f1d6b"},
    {file = "pyxel-2.0.6-cp37-abi3-manylinux_2_17_aarch64.manylinux2014_aarch64.whl", hash = "sha256:921432b943262bdbd22775132cef88cbcee6bdd6768fc57c5e8ee4249f2eb859"},
    {file = "pyxel-2.0.6-cp37-abi3-manylinux_2_17_armv7l.manylinux2014_armv7l.whl", hash = "sha256:fa7d242244697d88f4ec636e933bd748cbdd5d5c9842a063e849736f429399cf"},
    {file = "pyxel-2.0.6-cp37-abi3-manylinux_2_17_i686.manylinux2014_i686.whl", hash = "sha256:3cb25ca53785925b141c48db6179fbfc6a2083f2f538da7809808c77055fabd9"},
    {file = "pyxel-2.0.6-cp37-abi3-manylinux_2_17_x86_64.manylinux2014_x86_64.whl", hash = "sha256:8d7e3b6e34f2e5b2489334560ade652553b600d4fce87e1f9f962a794950d629"},
    {file = "pyxel-2.0.6-cp37-abi3-win32.whl", hash = "sha256:f3127640a5c72fbde276ad90ba2e19a03fff5069a420b0dccc3becea07de5061"},
    {file = "pyxel-2.0.6-cp37-abi3-win_amd64.whl", hash = "sha256:0019ea56805fff5a58f1efa336425c5e390e07fbd1370d3ac77983a0517e6f84"},
]

[metadata]
lock-version = "2.0"
python-versions = "^3.12"
content-hash = "42469bb619ac839af3d2c4327ddb380e1e6571c3ccfac947776a99f193d002c9"
